# THIS IS AN AUTOGENERATED FILE. DO NOT EDIT THIS FILE DIRECTLY.
# yarn lockfile v1


"@stitches/core@^0.0.2":
  version "0.0.2"
  resolved "https://registry.yarnpkg.com/@stitches/core/-/core-0.0.2.tgz#027b965cd3745ee113094279766d6e7ad777bb3e"
  integrity sha512-fvwZcUbb/cqV52+g+nGbwo8NbLt+Zpz7TSik+EwjtJd5Y3cpPOK0UZ+3hvMLlvqIPIzzcQULgrVuU08XkTdPfw==
  dependencies:
    "@types/node" "^13.11.1"
    tslib "^1.11.1"

"@stitches/react@^0.0.2":
  version "0.0.2"
  resolved "https://registry.yarnpkg.com/@stitches/react/-/react-0.0.2.tgz#5cc246212b0c65df34cc2dac3320782340b518ea"
  integrity sha512-ftd00ioQZ/gCxoR5AYVySPxVlK2J7UMc4Q0cK9IRJ+xEGBnKV+p+03E3jQt+be6k7BfRiSIlLEVHrbTN3jgqfA==
  dependencies:
    "@stitches/core" "^0.0.2"
    "@types/node" "^13.11.1"
    "@types/react-test-renderer" "^16.9.3"
    tslib "^1.11.1"

"@types/node@^13.11.1":
  version "13.13.26"
  resolved "https://registry.yarnpkg.com/@types/node/-/node-13.13.26.tgz#09b8326828d46b174d29086cdb6dcd2d0dcf67a3"
  integrity sha512-+48LLqolaKj/WnIY1crfLseaGQMIDISBy3PTXVOZ7w/PBaRUv+H8t94++atzfoBAvorbUYz6Xq9vh1fHrg33ig==

"@types/prop-types@*":
  version "15.7.3"
  resolved "https://registry.yarnpkg.com/@types/prop-types/-/prop-types-15.7.3.tgz#2ab0d5da2e5815f94b0b9d4b95d1e5f243ab2ca7"
  integrity sha512-KfRL3PuHmqQLOG+2tGpRO26Ctg+Cq1E01D2DMriKEATHgWLfeNDmq9e29Q9WIky0dQ3NPkd1mzYH8Lm936Z9qw==

"@types/react-test-renderer@^16.9.3":
  version "16.9.3"
  resolved "https://registry.yarnpkg.com/@types/react-test-renderer/-/react-test-renderer-16.9.3.tgz#96bab1860904366f4e848b739ba0e2f67bcae87e"
  integrity sha512-wJ7IlN5NI82XMLOyHSa+cNN4Z0I+8/YaLl04uDgcZ+W+ExWCmCiVTLT/7fRNqzy4OhStZcUwIqLNF7q+AdW43Q==
  dependencies:
    "@types/react" "*"

"@types/react@*":
  version "16.9.53"
  resolved "https://registry.yarnpkg.com/@types/react/-/react-16.9.53.tgz#40cd4f8b8d6b9528aedd1fff8fcffe7a112a3d23"
  integrity sha512-4nW60Sd4L7+WMXH1D6jCdVftuW7j4Za6zdp6tJ33Rqv0nk1ZAmQKML9ZLD4H0dehA3FZxXR/GM8gXplf82oNGw==
  dependencies:
    "@types/prop-types" "*"
    csstype "^3.0.2"

csstype@^3.0.2:
  version "3.0.3"
  resolved "https://registry.yarnpkg.com/csstype/-/csstype-3.0.3.tgz#2b410bbeba38ba9633353aff34b05d9755d065f8"
  integrity sha512-jPl+wbWPOWJ7SXsWyqGRk3lGecbar0Cb0OvZF/r/ZU011R4YqiRehgkQ9p4eQfo9DSDLqLL3wHwfxeJiuIsNag==

tslib@^1.11.1:
  version "1.14.1"
  resolved "https://registry.yarnpkg.com/tslib/-/tslib-1.14.1.tgz#cf2d38bdc34a134bcaf1091c41f6619e2f672d00"
  integrity sha512-Xni35NKzjgMrwevysHTCArtLDpPvye8zV/0E4EyYn43P7/7qvQwPh9BGkHewbMulVntbigmcT7rdX3BNo9wRJg==
